{
  "nodes": {
    "flake-utils": {
      "inputs": {
        "systems": "systems"
      },
      "locked": {
        "lastModified": 1694529238,
        "narHash": "sha256-zsNZZGTGnMOf9YpHKJqMSsa0dXbfmxeoJ7xHlrt+xmY=",
        "owner": "numtide",
        "repo": "flake-utils",
        "rev": "ff7b65b44d01cf9ba6a71320833626af21126384",
        "type": "github"
      },
      "original": {
        "owner": "numtide",
        "repo": "flake-utils",
        "type": "github"
      }
    },
    "niv-util": {
      "flake": false,
      "locked": {
        "lastModified": 1668947898,
        "narHash": "sha256-yzovEKUdPiNS3g5tmF/hGxAKZIwDfCtRFqOvLDXp28c=",
        "owner": "dwarfmaster",
        "repo": "niv-util",
        "rev": "efdcc288fda719f13f7596d89fddbae78f59a46d",
        "type": "github"
      },
      "original": {
        "owner": "dwarfmaster",
        "repo": "niv-util",
        "type": "github"
      }
    },
    "nixpkgs": {
      "inputs": {
        "flake-utils": "flake-utils",
        "nixpkgs": "nixpkgs_2"
      },
      "locked": {
        "lastModified": 1698809497,
        "narHash": "sha256-o5OALHxfLT45F3UN6nxNekF9RSCFOByuyejcrsQ4Ahw=",
        "owner": "nix-ocaml",
        "repo": "nix-overlays",
        "rev": "27ae73611aea376e37244e6c8693c3436d1f8bc8",
        "type": "github"
      },
      "original": {
        "owner": "nix-ocaml",
        "repo": "nix-overlays",
        "type": "github"
      }
    },
    "nixpkgs_2": {
      "locked": {
        "lastModified": 1698698510,
        "narHash": "sha256-xDx2b6TZFXc07C9+jbynRmtwKsR7WuG4Hn6WFNS/T38=",
        "owner": "NixOS",
        "repo": "nixpkgs",
        "rev": "dd77cbd17561f51584cf70750671b88c087674b2",
        "type": "github"
      },
      "original": {
        "owner": "NixOS",
        "repo": "nixpkgs",
        "rev": "dd77cbd17561f51584cf70750671b88c087674b2",
        "type": "github"
      }
    },
    "nixpkgs_3": {
      "locked": {
        "lastModified": 1685573264,
        "narHash": "sha256-Zffu01pONhs/pqH07cjlF10NnMDLok8ix5Uk4rhOnZQ=",
        "owner": "NixOS",
        "repo": "nixpkgs",
        "rev": "380be19fbd2d9079f677978361792cb25e8a3635",
        "type": "github"
      },
      "original": {
        "id": "nixpkgs",
        "ref": "release-22.05",
        "type": "indirect"
      }
    },
    "opam2nix-src": {
      "inputs": {
        "niv-util": "niv-util",
        "nixpkgs": "nixpkgs_3"
      },
      "locked": {
        "lastModified": 1668948202,
        "narHash": "sha256-7aOXc3JupPrt8D3XIIxVBUrXjxcni26LlxiNRUgwUSk=",
        "owner": "dwarfmaster",
        "repo": "opam2nix",
        "rev": "e667b47290f31fabc574ef5bc331d0d2fef7a0da",
        "type": "github"
      },
      "original": {
        "owner": "dwarfmaster",
        "repo": "opam2nix",
        "type": "github"
      }
    },
    "root": {
      "inputs": {
        "nixpkgs": "nixpkgs",
        "opam2nix-src": "opam2nix-src"
      }
    },
    "systems": {
      "locked": {
        "lastModified": 1681028828,
        "narHash": "sha256-Vy1rq5AaRuLzOxct8nz4T6wlgyUR7zLU309k9mBC768=",
        "owner": "nix-systems",
        "repo": "default",
        "rev": "da67096a3b9bf56a91d16901293e51ba5b49a27e",
        "type": "github"
      },
      "original": {
        "owner": "nix-systems",
        "repo": "default",
        "type": "github"
      }
    }
  },
  "root": "root",
  "version": 7
}
